// !$*UTF8*$!
{
	archiveVersion = 1;
	classes = {
	};
	objectVersion = 56;
	objects = {

/* Begin PBXBuildFile section */
		B771190B2CEC101900D52E5B /* AppDelegate.swift in Sources */ = {isa = PBXBuildFile; fileRef = B771190A2CEC101900D52E5B /* AppDelegate.swift */; };
		B771190D2CEC101900D52E5B /* SceneDelegate.swift in Sources */ = {isa = PBXBuildFile; fileRef = B771190C2CEC101900D52E5B /* SceneDelegate.swift */; };
		B771190F2CEC101900D52E5B /* ViewController.swift in Sources */ = {isa = PBXBuildFile; fileRef = B771190E2CEC101900D52E5B /* ViewController.swift */; };
		B77119122CEC101900D52E5B /* Main.storyboard in Resources */ = {isa = PBXBuildFile; fileRef = B77119102CEC101900D52E5B /* Main.storyboard */; };
		B77119142CEC101A00D52E5B /* Assets.xcassets in Resources */ = {isa = PBXBuildFile; fileRef = B77119132CEC101A00D52E5B /* Assets.xcassets */; };
		B77119172CEC101A00D52E5B /* LaunchScreen.storyboard in Resources */ = {isa = PBXBuildFile; fileRef = B77119152CEC101A00D52E5B /* LaunchScreen.storyboard */; };
		B771191F2CEC12DE00D52E5B /* Ex1ViewController.swift in Sources */ = {isa = PBXBuildFile; fileRef = B771191E2CEC12DE00D52E5B /* Ex1ViewController.swift */; };
		B77119212CEC1B5A00D52E5B /* ResultViewController.swift in Sources */ = {isa = PBXBuildFile; fileRef = B77119202CEC1B5A00D52E5B /* ResultViewController.swift */; };
/* End PBXBuildFile section */

/* Begin PBXFileReference section */
		B77119072CEC101900D52E5B /* EX1_Seccion_01_ChavezVilla_Adrian.app */ = {isa = PBXFileReference; explicitFileType = wrapper.application; includeInIndex = 0; path = EX1_Seccion_01_ChavezVilla_Adrian.app; sourceTree = BUILT_PRODUCTS_DIR; };
		B771190A2CEC101900D52E5B /* AppDelegate.swift */ = {isa = PBXFileReference; lastKnownFileType = sourcecode.swift; path = AppDelegate.swift; sourceTree = "<group>"; };
		B771190C2CEC101900D52E5B /* SceneDelegate.swift */ = {isa = PBXFileReference; lastKnownFileType = sourcecode.swift; path = SceneDelegate.swift; sourceTree = "<group>"; };
		B771190E2CEC101900D52E5B /* ViewController.swift */ = {isa = PBXFileReference; lastKnownFileType = sourcecode.swift; path = ViewController.swift; sourceTree = "<group>"; };
		B77119112CEC101900D52E5B /* Base */ = {isa = PBXFileReference; lastKnownFileType = file.storyboard; name = Base; path = Base.lproj/Main.storyboard; sourceTree = "<group>"; };
		B77119132CEC101A00D52E5B /* Assets.xcassets */ = {isa = PBXFileReference; lastKnownFileType = folder.assetcatalog; path = Assets.xcassets; sourceTree = "<group>"; };
		B77119162CEC101A00D52E5B /* Base */ = {isa = PBXFileReference; lastKnownFileType = file.storyboard; name = Base; path = Base.lproj/LaunchScreen.storyboard; sourceTree = "<group>"; };
		B77119182CEC101A00D52E5B /* Info.plist */ = {isa = PBXFileReference; lastKnownFileType = text.plist.xml; path = Info.plist; sourceTree = "<group>"; };
		B771191E2CEC12DE00D52E5B /* Ex1ViewController.swift */ = {isa = PBXFileReference; lastKnownFileType = sourcecode.swift; path = Ex1ViewController.swift; sourceTree = "<group>"; };
		B77119202CEC1B5A00D52E5B /* ResultViewController.swift */ = {isa = PBXFileReference; lastKnownFileType = sourcecode.swift; path = ResultViewController.swift; sourceTree = "<group>"; };
/* End PBXFileReference section */

/* Begin PBXFrameworksBuildPhase section */
		B77119042CEC101900D52E5B /* Frameworks */ = {
			isa = PBXFrameworksBuildPhase;
			buildActionMask = 2147483647;
			files = (
			);
			runOnlyForDeploymentPostprocessing = 0;
		};
/* End PBXFrameworksBuildPhase section */

/* Begin PBXGroup section */
		B77118FE2CEC101900D52E5B = {
			isa = PBXGroup;
			children = (
				B77119092CEC101900D52E5B /* EX1_Seccion_01_ChavezVilla_Adrian */,
				B77119082CEC101900D52E5B /* Products */,
			);
			sourceTree = "<group>";
		};
		B77119082CEC101900D52E5B /* Products */ = {
			isa = PBXGroup;
			children = (
				B77119072CEC101900D52E5B /* EX1_Seccion_01_ChavezVilla_Adrian.app */,
			);
			name = Products;
			sourceTree = "<group>";
		};
		B77119092CEC101900D52E5B /* EX1_Seccion_01_ChavezVilla_Adrian */ = {
			isa = PBXGroup;
			children = (
				B771190A2CEC101900D52E5B /* AppDelegate.swift */,
				B771190C2CEC101900D52E5B /* SceneDelegate.swift */,
				B771190E2CEC101900D52E5B /* ViewController.swift */,
				B77119102CEC101900D52E5B /* Main.storyboard */,
				B77119132CEC101A00D52E5B /* Assets.xcassets */,
				B77119152CEC101A00D52E5B /* LaunchScreen.storyboard */,
				B77119182CEC101A00D52E5B /* Info.plist */,
				B771191E2CEC12DE00D52E5B /* Ex1ViewController.swift */,
				B77119202CEC1B5A00D52E5B /* ResultViewController.swift */,
			);
			path = EX1_Seccion_01_ChavezVilla_Adrian;
			sourceTree = "<group>";
		};
/* End PBXGroup section */

/* Begin PBXNativeTarget section */
		B77119062CEC101900D52E5B /* EX1_Seccion_01_ChavezVilla_Adrian */ = {
			isa = PBXNativeTarget;
			buildConfigurationList = B771191B2CEC101A00D52E5B /* Build configuration list for PBXNativeTarget "EX1_Seccion_01_ChavezVilla_Adrian" */;
			buildPhases = (
				B77119032CEC101900D52E5B /* Sources */,
				B77119042CEC101900D52E5B /* Frameworks */,
				B77119052CEC101900D52E5B /* Resources */,
			);
			buildRules = (
			);
			dependencies = (
			);
			name = EX1_Seccion_01_ChavezVilla_Adrian;
			productName = EX1_Seccion_01_ChavezVilla_Adrian;
			productReference = B77119072CEC101900D52E5B /* EX1_Seccion_01_ChavezVilla_Adrian.app */;
			productType = "com.apple.product-type.application";
		};
/* End PBXNativeTarget section */

/* Begin PBXProject section */
		B77118FF2CEC101900D52E5B /* Project object */ = {
			isa = PBXProject;
			attributes = {
				BuildIndependentTargetsInParallel = 1;
				LastSwiftUpdateCheck = 1420;
				LastUpgradeCheck = 1420;
				TargetAttributes = {
					B77119062CEC101900D52E5B = {
						CreatedOnToolsVersion = 14.2;
					};
				};
			};
			buildConfigurationList = B77119022CEC101900D52E5B /* Build configuration list for PBXProject "EX1_Seccion_01_ChavezVilla_Adrian" */;
			compatibilityVersion = "Xcode 14.0";
			developmentRegion = en;
			hasScannedForEncodings = 0;
			knownRegions = (
				en,
				Base,
			);
			mainGroup = B77118FE2CEC101900D52E5B;
			productRefGroup = B77119082CEC101900D52E5B /* Products */;
			projectDirPath = "";
			projectRoot = "";
			targets = (
				B77119062CEC101900D52E5B /* EX1_Seccion_01_ChavezVilla_Adrian */,
			);
		};
/* End PBXProject section */

/* Begin PBXResourcesBuildPhase section */
		B77119052CEC101900D52E5B /* Resources */ = {
			isa = PBXResourcesBuildPhase;
			buildActionMask = 2147483647;
			files = (
				B77119172CEC101A00D52E5B /* LaunchScreen.storyboard in Resources */,
				B77119142CEC101A00D52E5B /* Assets.xcassets in Resources */,
				B77119122CEC101900D52E5B /* Main.storyboard in Resources */,
			);
			runOnlyForDeploymentPostprocessing = 0;
		};
/* End PBXResourcesBuildPhase section */

/* Begin PBXSourcesBuildPhase section */
		B77119032CEC101900D52E5B /* Sources */ = {
			isa = PBXSourcesBuildPhase;
			buildActionMask = 2147483647;
			files = (
				B77119212CEC1B5A00D52E5B /* ResultViewController.swift in Sources */,
				B771190F2CEC101900D52E5B /* ViewController.swift in Sources */,
				B771190B2CEC101900D52E5B /* AppDelegate.swift in Sources */,
				B771190D2CEC101900D52E5B /* SceneDelegate.swift in Sources */,
				B771191F2CEC12DE00D52E5B /* Ex1ViewController.swift in Sources */,
			);
			runOnlyForDeploymentPostprocessing = 0;
		};
/* End PBXSourcesBuildPhase section */

/* Begin PBXVariantGroup section */
		B77119102CEC101900D52E5B /* Main.storyboard */ = {
			isa = PBXVariantGroup;
			children = (
				B77119112CEC101900D52E5B /* Base */,
			);
			name = Main.storyboard;
			sourceTree = "<group>";
		};
		B77119152CEC101A00D52E5B /* LaunchScreen.storyboard */ = {
			isa = PBXVariantGroup;
			children = (
				B77119162CEC101A00D52E5B /* Base */,
			);
			name = LaunchScreen.storyboard;
			sourceTree = "<group>";
		};
/* End PBXVariantGroup section */

/* Begin XCBuildConfiguration section */
		B77119192CEC101A00D52E5B /* Debug */ = {
			isa = XCBuildConfiguration;
			buildSettings = {
				ALWAYS_SEARCH_USER_PATHS = NO;
				CLANG_ANALYZER_NONNULL = YES;
				CLANG_ANALYZER_NUMBER_OBJECT_CONVERSION = YES_AGGRESSIVE;
				CLANG_CXX_LANGUAGE_STANDARD = "gnu++20";
				CLANG_ENABLE_MODULES = YES;
				CLANG_ENABLE_OBJC_ARC = YES;
				CLANG_ENABLE_OBJC_WEAK = YES;
				CLANG_WARN_BLOCK_CAPTURE_AUTORELEASING = YES;
				CLANG_WARN_BOOL_CONVERSION = YES;
				CLANG_WARN_COMMA = YES;
				CLANG_WARN_CONSTANT_CONVERSION = YES;
				CLANG_WARN_DEPRECATED_OBJC_IMPLEMENTATIONS = YES;
				CLANG_WARN_DIRECT_OBJC_ISA_USAGE = YES_ERROR;
				CLANG_WARN_DOCUMENTATION_COMMENTS = YES;
				CLANG_WARN_EMPTY_BODY = YES;
				CLANG_WARN_ENUM_CONVERSION = YES;
				CLANG_WARN_INFINITE_RECURSION = YES;
				CLANG_WARN_INT_CONVERSION = YES;
				CLANG_WARN_NON_LITERAL_NULL_CONVERSION = YES;
				CLANG_WARN_OBJC_IMPLICIT_RETAIN_SELF = YES;
				CLANG_WARN_OBJC_LITERAL_CONVERSION = YES;
				CLANG_WARN_OBJC_ROOT_CLASS = YES_ERROR;
				CLANG_WARN_QUOTED_INCLUDE_IN_FRAMEWORK_HEADER = YES;
				CLANG_WARN_RANGE_LOOP_ANALYSIS = YES;
				CLANG_WARN_STRICT_PROTOTYPES = YES;
				CLANG_WARN_SUSPICIOUS_MOVE = YES;
				CLANG_WARN_UNGUARDED_AVAILABILITY = YES_AGGRESSIVE;
				CLANG_WARN_UNREACHABLE_CODE = YES;
				CLANG_WARN__DUPLICATE_METHOD_MATCH = YES;
				COPY_PHASE_STRIP = NO;
				DEBUG_INFORMATION_FORMAT = dwarf;
				ENABLE_STRICT_OBJC_MSGSEND = YES;
				ENABLE_TESTABILITY = YES;
				GCC_C_LANGUAGE_STANDARD = gnu11;
				GCC_DYNAMIC_NO_PIC = NO;
				GCC_NO_COMMON_BLOCKS = YES;
				GCC_OPTIMIZATION_LEVEL = 0;
				GCC_PREPROCESSOR_DEFINITIONS = (
					"DEBUG=1",
					"$(inherited)",
				);
				GCC_WARN_64_TO_32_BIT_CONVERSION = YES;
				GCC_WARN_ABOUT_RETURN_TYPE = YES_ERROR;
				GCC_WARN_UNDECLARED_SELECTOR = YES;
				GCC_WARN_UNINITIALIZED_AUTOS = YES_AGGRESSIVE;
				GCC_WARN_UNUSED_FUNCTION = YES;
				GCC_WARN_UNUSED_VARIABLE = YES;
				IPHONEOS_DEPLOYMENT_TARGET = 16.2;
				MTL_ENABLE_DEBUG_INFO = INCLUDE_SOURCE;
				MTL_FAST_MATH = YES;
				ONLY_ACTIVE_ARCH = YES;
				SDKROOT = iphoneos;
				SWIFT_ACTIVE_COMPILATION_CONDITIONS = DEBUG;
				SWIFT_OPTIMIZATION_LEVEL = "-Onone";
			};
			name = Debug;
		};
		B771191A2CEC101A00D52E5B /* Release */ = {
			isa = XCBuildConfiguration;
			buildSettings = {
				ALWAYS_SEARCH_USER_PATHS = NO;
				CLANG_ANALYZER_NONNULL = YES;
				CLANG_ANALYZER_NUMBER_OBJECT_CONVERSION = YES_AGGRESSIVE;
				CLANG_CXX_LANGUAGE_STANDARD = "gnu++20";
				CLANG_ENABLE_MODULES = YES;
				CLANG_ENABLE_OBJC_ARC = YES;
				CLANG_ENABLE_OBJC_WEAK = YES;
				CLANG_WARN_BLOCK_CAPTURE_AUTORELEASING = YES;
				CLANG_WARN_BOOL_CONVERSION = YES;
				CLANG_WARN_COMMA = YES;
				CLANG_WARN_CONSTANT_CONVERSION = YES;
				CLANG_WARN_DEPRECATED_OBJC_IMPLEMENTATIONS = YES;
				CLANG_WARN_DIRECT_OBJC_ISA_USAGE = YES_ERROR;
				CLANG_WARN_DOCUMENTATION_COMMENTS = YES;
				CLANG_WARN_EMPTY_BODY = YES;
				CLANG_WARN_ENUM_CONVERSION = YES;
				CLANG_WARN_INFINITE_RECURSION = YES;
				CLANG_WARN_INT_CONVERSION = YES;
				CLANG_WARN_NON_LITERAL_NULL_CONVERSION = YES;
				CLANG_WARN_OBJC_IMPLICIT_RETAIN_SELF = YES;
				CLANG_WARN_OBJC_LITERAL_CONVERSION = YES;
				CLANG_WARN_OBJC_ROOT_CLASS = YES_ERROR;
				CLANG_WARN_QUOTED_INCLUDE_IN_FRAMEWORK_HEADER = YES;
				CLANG_WARN_RANGE_LOOP_ANALYSIS = YES;
				CLANG_WARN_STRICT_PROTOTYPES = YES;
				CLANG_WARN_SUSPICIOUS_MOVE = YES;
				CLANG_WARN_UNGUARDED_AVAILABILITY = YES_AGGRESSIVE;
				CLANG_WARN_UNREACHABLE_CODE = YES;
				CLANG_WARN__DUPLICATE_METHOD_MATCH = YES;
				COPY_PHASE_STRIP = NO;
				DEBUG_INFORMATION_FORMAT = "dwarf-with-dsym";
				ENABLE_NS_ASSERTIONS = NO;
				ENABLE_STRICT_OBJC_MSGSEND = YES;
				GCC_C_LANGUAGE_STANDARD = gnu11;
				GCC_NO_COMMON_BLOCKS = YES;
				GCC_WARN_64_TO_32_BIT_CONVERSION = YES;
				GCC_WARN_ABOUT_RETURN_TYPE = YES_ERROR;
				GCC_WARN_UNDECLARED_SELECTOR = YES;
				GCC_WARN_UNINITIALIZED_AUTOS = YES_AGGRESSIVE;
				GCC_WARN_UNUSED_FUNCTION = YES;
				GCC_WARN_UNUSED_VARIABLE = YES;
				IPHONEOS_DEPLOYMENT_TARGET = 16.2;
				MTL_ENABLE_DEBUG_INFO = NO;
				MTL_FAST_MATH = YES;
				SDKROOT = iphoneos;
				SWIFT_COMPILATION_MODE = wholemodule;
				SWIFT_OPTIMIZATION_LEVEL = "-O";
				VALIDATE_PRODUCT = YES;
			};
			name = Release;
		};
		B771191C2CEC101A00D52E5B /* Debug */ = {
			isa = XCBuildConfiguration;
			buildSettings = {
				ASSETCATALOG_COMPILER_APPICON_NAME = AppIcon;
				ASSETCATALOG_COMPILER_GLOBAL_ACCENT_COLOR_NAME = AccentColor;
				CODE_SIGN_STYLE = Automatic;
				CURRENT_PROJECT_VERSION = 1;
				GENERATE_INFOPLIST_FILE = YES;
				INFOPLIST_FILE = EX1_Seccion_01_ChavezVilla_Adrian/Info.plist;
				INFOPLIST_KEY_UIApplicationSupportsIndirectInputEvents = YES;
				INFOPLIST_KEY_UILaunchStoryboardName = LaunchScreen;
				INFOPLIST_KEY_UIMainStoryboardFile = Main;
				INFOPLIST_KEY_UISupportedInterfaceOrientations_iPad = "UIInterfaceOrientationPortrait UIInterfaceOrientationPortraitUpsideDown UIInterfaceOrientationLandscapeLeft UIInterfaceOrientationLandscapeRight";
				INFOPLIST_KEY_UISupportedInterfaceOrientations_iPhone = "UIInterfaceOrientationPortrait UIInterfaceOrientationLandscapeLeft UIInterfaceOrientationLandscapeRight";
				LD_RUNPATH_SEARCH_PATHS = (
					"$(inherited)",
					"@executable_path/Frameworks",
				);
				MARKETING_VERSION = 1.0;
				PRODUCT_BUNDLE_IDENTIFIER = "DAMII.EX1-Seccion-01-ChavezVilla-Adrian";
				PRODUCT_NAME = "$(TARGET_NAME)";
				SWIFT_EMIT_LOC_STRINGS = YES;
				SWIFT_VERSION = 5.0;
				TARGETED_DEVICE_FAMILY = "1,2";
			};
			name = Debug;
		};
		B771191D2CEC101A00D52E5B /* Release */ = {
			isa = XCBuildConfiguration;
			buildSettings = {
				ASSETCATALOG_COMPILER_APPICON_NAME = AppIcon;
				ASSETCATALOG_COMPILER_GLOBAL_ACCENT_COLOR_NAME = AccentColor;
				CODE_SIGN_STYLE = Automatic;
				CURRENT_PROJECT_VERSION = 1;
				GENERATE_INFOPLIST_FILE = YES;
				INFOPLIST_FILE = EX1_Seccion_01_ChavezVilla_Adrian/Info.plist;
				INFOPLIST_KEY_UIApplicationSupportsIndirectInputEvents = YES;
				INFOPLIST_KEY_UILaunchStoryboardName = LaunchScreen;
				INFOPLIST_KEY_UIMainStoryboardFile = Main;
				INFOPLIST_KEY_UISupportedInterfaceOrientations_iPad = "UIInterfaceOrientationPortrait UIInterfaceOrientationPortraitUpsideDown UIInterfaceOrientationLandscapeLeft UIInterfaceOrientationLandscapeRight";
				INFOPLIST_KEY_UISupportedInterfaceOrientations_iPhone = "UIInterfaceOrientationPortrait UIInterfaceOrientationLandscapeLeft UIInterfaceOrientationLandscapeRight";
				LD_RUNPATH_SEARCH_PATHS = (
					"$(inherited)",
					"@executable_path/Frameworks",
				);
				MARKETING_VERSION = 1.0;
				PRODUCT_BUNDLE_IDENTIFIER = "DAMII.EX1-Seccion-01-ChavezVilla-Adrian";
				PRODUCT_NAME = "$(TARGET_NAME)";
				SWIFT_EMIT_LOC_STRINGS = YES;
				SWIFT_VERSION = 5.0;
				TARGETED_DEVICE_FAMILY = "1,2";
			};
			name = Release;
		};
/* End XCBuildConfiguration section */

/* Begin XCConfigurationList section */
		B77119022CEC101900D52E5B /* Build configuration list for PBXProject "EX1_Seccion_01_ChavezVilla_Adrian" */ = {
			isa = XCConfigurationList;
			buildConfigurations = (
				B77119192CEC101A00D52E5B /* Debug */,
				B771191A2CEC101A00D52E5B /* Release */,
			);
			defaultConfigurationIsVisible = 0;
			defaultConfigurationName = Release;
		};
		B771191B2CEC101A00D52E5B /* Build configuration list for PBXNativeTarget "EX1_Seccion_01_ChavezVilla_Adrian" */ = {
			isa = XCConfigurationList;
			buildConfigurations = (
				B771191C2CEC101A00D52E5B /* Debug */,
				B771191D2CEC101A00D52E5B /* Release */,
			);
			defaultConfigurationIsVisible = 0;
			defaultConfigurationName = Release;
		};
/* End XCConfigurationList section */
	};
	rootObject = B77118FF2CEC101900D52E5B /* Project object */;
}
